// !$*UTF8*$!
{
	archiveVersion = 1;
	classes = {
	};
	objectVersion = 56;
	objects = {

/* Begin PBXBuildFile section */
		4293FA36289B575800A0B770 /* ComicsFile.swift in Sources */ = {isa = PBXBuildFile; fileRef = 4293FA35289B575800A0B770 /* ComicsFile.swift */; };
		4293FA38289B65EE00A0B770 /* QuestionViewController.swift in Sources */ = {isa = PBXBuildFile; fileRef = 4293FA37289B65EE00A0B770 /* QuestionViewController.swift */; };
		4293FA3A289BB0ED00A0B770 /* ScoreViewController.swift in Sources */ = {isa = PBXBuildFile; fileRef = 4293FA39289BB0ED00A0B770 /* ScoreViewController.swift */; };
		42AC9B42289A4488000F4C39 /* AppDelegate.swift in Sources */ = {isa = PBXBuildFile; fileRef = 42AC9B41289A4488000F4C39 /* AppDelegate.swift */; };
		42AC9B44289A4488000F4C39 /* SceneDelegate.swift in Sources */ = {isa = PBXBuildFile; fileRef = 42AC9B43289A4488000F4C39 /* SceneDelegate.swift */; };
		42AC9B46289A4488000F4C39 /* ViewController.swift in Sources */ = {isa = PBXBuildFile; fileRef = 42AC9B45289A4488000F4C39 /* ViewController.swift */; };
		42AC9B49289A4488000F4C39 /* Main.storyboard in Resources */ = {isa = PBXBuildFile; fileRef = 42AC9B47289A4488000F4C39 /* Main.storyboard */; };
		42AC9B4B289A448A000F4C39 /* Assets.xcassets in Resources */ = {isa = PBXBuildFile; fileRef = 42AC9B4A289A448A000F4C39 /* Assets.xcassets */; };
		42AC9B4E289A448A000F4C39 /* LaunchScreen.storyboard in Resources */ = {isa = PBXBuildFile; fileRef = 42AC9B4C289A448A000F4C39 /* LaunchScreen.storyboard */; };
		42AC9B56289A4948000F4C39 /* SharpImageView.swift in Sources */ = {isa = PBXBuildFile; fileRef = 42AC9B55289A4948000F4C39 /* SharpImageView.swift */; };
		42AC9B58289A4D91000F4C39 /* SharpImageView1.swift in Sources */ = {isa = PBXBuildFile; fileRef = 42AC9B57289A4D91000F4C39 /* SharpImageView1.swift */; };
		42AC9B5A289A556B000F4C39 /* SharpImageView2.swift in Sources */ = {isa = PBXBuildFile; fileRef = 42AC9B59289A556B000F4C39 /* SharpImageView2.swift */; };
		42AC9B5C289A602D000F4C39 /* HomeViewController.swift in Sources */ = {isa = PBXBuildFile; fileRef = 42AC9B5B289A602D000F4C39 /* HomeViewController.swift */; };
/* End PBXBuildFile section */

/* Begin PBXFileReference section */
		4293FA35289B575800A0B770 /* ComicsFile.swift */ = {isa = PBXFileReference; lastKnownFileType = sourcecode.swift; path = ComicsFile.swift; sourceTree = "<group>"; };
		4293FA37289B65EE00A0B770 /* QuestionViewController.swift */ = {isa = PBXFileReference; lastKnownFileType = sourcecode.swift; name = QuestionViewController.swift; path = "Q&AApp/Controller/QuestionViewController.swift"; sourceTree = SOURCE_ROOT; };
		4293FA39289BB0ED00A0B770 /* ScoreViewController.swift */ = {isa = PBXFileReference; lastKnownFileType = sourcecode.swift; path = ScoreViewController.swift; sourceTree = "<group>"; };
		42AC9B3E289A4488000F4C39 /* Q&AApp.app */ = {isa = PBXFileReference; explicitFileType = wrapper.application; includeInIndex = 0; path = "Q&AApp.app"; sourceTree = BUILT_PRODUCTS_DIR; };
		42AC9B41289A4488000F4C39 /* AppDelegate.swift */ = {isa = PBXFileReference; lastKnownFileType = sourcecode.swift; path = AppDelegate.swift; sourceTree = "<group>"; };
		42AC9B43289A4488000F4C39 /* SceneDelegate.swift */ = {isa = PBXFileReference; lastKnownFileType = sourcecode.swift; path = SceneDelegate.swift; sourceTree = "<group>"; };
		42AC9B45289A4488000F4C39 /* ViewController.swift */ = {isa = PBXFileReference; lastKnownFileType = sourcecode.swift; path = ViewController.swift; sourceTree = "<group>"; };
		42AC9B48289A4488000F4C39 /* Base */ = {isa = PBXFileReference; lastKnownFileType = file.storyboard; name = Base; path = Base.lproj/Main.storyboard; sourceTree = "<group>"; };
		42AC9B4A289A448A000F4C39 /* Assets.xcassets */ = {isa = PBXFileReference; lastKnownFileType = folder.assetcatalog; path = Assets.xcassets; sourceTree = "<group>"; };
		42AC9B4D289A448A000F4C39 /* Base */ = {isa = PBXFileReference; lastKnownFileType = file.storyboard; name = Base; path = Base.lproj/LaunchScreen.storyboard; sourceTree = "<group>"; };
		42AC9B4F289A448A000F4C39 /* Info.plist */ = {isa = PBXFileReference; lastKnownFileType = text.plist.xml; path = Info.plist; sourceTree = "<group>"; };
		42AC9B55289A4948000F4C39 /* SharpImageView.swift */ = {isa = PBXFileReference; lastKnownFileType = sourcecode.swift; path = SharpImageView.swift; sourceTree = "<group>"; };
		42AC9B57289A4D91000F4C39 /* SharpImageView1.swift */ = {isa = PBXFileReference; lastKnownFileType = sourcecode.swift; path = SharpImageView1.swift; sourceTree = "<group>"; };
		42AC9B59289A556B000F4C39 /* SharpImageView2.swift */ = {isa = PBXFileReference; lastKnownFileType = sourcecode.swift; path = SharpImageView2.swift; sourceTree = "<group>"; };
		42AC9B5B289A602D000F4C39 /* HomeViewController.swift */ = {isa = PBXFileReference; lastKnownFileType = sourcecode.swift; path = HomeViewController.swift; sourceTree = "<group>"; };
/* End PBXFileReference section */

/* Begin PBXFrameworksBuildPhase section */
		42AC9B3B289A4488000F4C39 /* Frameworks */ = {
			isa = PBXFrameworksBuildPhase;
			buildActionMask = 2147483647;
			files = (
			);
			runOnlyForDeploymentPostprocessing = 0;
		};
/* End PBXFrameworksBuildPhase section */

/* Begin PBXGroup section */
		42AC9B35289A4488000F4C39 = {
			isa = PBXGroup;
			children = (
				42AC9B40289A4488000F4C39 /* Q&AApp */,
				42AC9B3F289A4488000F4C39 /* Products */,
			);
			sourceTree = "<group>";
		};
		42AC9B3F289A4488000F4C39 /* Products */ = {
			isa = PBXGroup;
			children = (
				42AC9B3E289A4488000F4C39 /* Q&AApp.app */,
			);
			name = Products;
			sourceTree = "<group>";
		};
		42AC9B40289A4488000F4C39 /* Q&AApp */ = {
			isa = PBXGroup;
			children = (
				42AC9B5F289A607F000F4C39 /* Model */,
				42AC9B5E289A6061000F4C39 /* Controller */,
				42AC9B5D289A603E000F4C39 /* View */,
				42AC9B41289A4488000F4C39 /* AppDelegate.swift */,
				42AC9B43289A4488000F4C39 /* SceneDelegate.swift */,
				42AC9B55289A4948000F4C39 /* SharpImageView.swift */,
				42AC9B57289A4D91000F4C39 /* SharpImageView1.swift */,
				42AC9B59289A556B000F4C39 /* SharpImageView2.swift */,
				42AC9B4A289A448A000F4C39 /* Assets.xcassets */,
				42AC9B4C289A448A000F4C39 /* LaunchScreen.storyboard */,
				42AC9B4F289A448A000F4C39 /* Info.plist */,
			);
			path = "Q&AApp";
			sourceTree = "<group>";
		};
		42AC9B5D289A603E000F4C39 /* View */ = {
			isa = PBXGroup;
			children = (
				42AC9B47289A4488000F4C39 /* Main.storyboard */,
			);
			path = View;
			sourceTree = "<group>";
		};
		42AC9B5E289A6061000F4C39 /* Controller */ = {
			isa = PBXGroup;
			children = (
				42AC9B45289A4488000F4C39 /* ViewController.swift */,
				42AC9B5B289A602D000F4C39 /* HomeViewController.swift */,
				4293FA37289B65EE00A0B770 /* QuestionViewController.swift */,
				4293FA39289BB0ED00A0B770 /* ScoreViewController.swift */,
			);
			path = Controller;
			sourceTree = "<group>";
		};
		42AC9B5F289A607F000F4C39 /* Model */ = {
			isa = PBXGroup;
			children = (
				4293FA35289B575800A0B770 /* ComicsFile.swift */,
			);
			path = Model;
			sourceTree = "<group>";
		};
/* End PBXGroup section */

/* Begin PBXNativeTarget section */
		42AC9B3D289A4488000F4C39 /* Q&AApp */ = {
			isa = PBXNativeTarget;
			buildConfigurationList = 42AC9B52289A448A000F4C39 /* Build configuration list for PBXNativeTarget "Q&AApp" */;
			buildPhases = (
				42AC9B3A289A4488000F4C39 /* Sources */,
				42AC9B3B289A4488000F4C39 /* Frameworks */,
				42AC9B3C289A4488000F4C39 /* Resources */,
			);
			buildRules = (
			);
			dependencies = (
			);
			name = "Q&AApp";
			productName = "Q&AApp";
			productReference = 42AC9B3E289A4488000F4C39 /* Q&AApp.app */;
			productType = "com.apple.product-type.application";
		};
/* End PBXNativeTarget section */

/* Begin PBXProject section */
		42AC9B36289A4488000F4C39 /* Project object */ = {
			isa = PBXProject;
			attributes = {
				BuildIndependentTargetsInParallel = 1;
				LastSwiftUpdateCheck = 1400;
				LastUpgradeCheck = 1400;
				TargetAttributes = {
					42AC9B3D289A4488000F4C39 = {
						CreatedOnToolsVersion = 14.0;
					};
				};
			};
			buildConfigurationList = 42AC9B39289A4488000F4C39 /* Build configuration list for PBXProject "Q&AApp" */;
			compatibilityVersion = "Xcode 14.0";
			developmentRegion = en;
			hasScannedForEncodings = 0;
			knownRegions = (
				en,
				Base,
			);
			mainGroup = 42AC9B35289A4488000F4C39;
			productRefGroup = 42AC9B3F289A4488000F4C39 /* Products */;
			projectDirPath = "";
			projectRoot = "";
			targets = (
				42AC9B3D289A4488000F4C39 /* Q&AApp */,
			);
		};
/* End PBXProject section */

/* Begin PBXResourcesBuildPhase section */
		42AC9B3C289A4488000F4C39 /* Resources */ = {
			isa = PBXResourcesBuildPhase;
			buildActionMask = 2147483647;
			files = (
				42AC9B4E289A448A000F4C39 /* LaunchScreen.storyboard in Resources */,
				42AC9B4B289A448A000F4C39 /* Assets.xcassets in Resources */,
				42AC9B49289A4488000F4C39 /* Main.storyboard in Resources */,
			);
			runOnlyForDeploymentPostprocessing = 0;
		};
/* End PBXResourcesBuildPhase section */

/* Begin PBXSourcesBuildPhase section */
		42AC9B3A289A4488000F4C39 /* Sources */ = {
			isa = PBXSourcesBuildPhase;
			buildActionMask = 2147483647;
			files = (
				42AC9B46289A4488000F4C39 /* ViewController.swift in Sources */,
				4293FA36289B575800A0B770 /* ComicsFile.swift in Sources */,
				42AC9B42289A4488000F4C39 /* AppDelegate.swift in Sources */,
				42AC9B44289A4488000F4C39 /* SceneDelegate.swift in Sources */,
				42AC9B58289A4D91000F4C39 /* SharpImageView1.swift in Sources */,
				42AC9B5A289A556B000F4C39 /* SharpImageView2.swift in Sources */,
				42AC9B5C289A602D000F4C39 /* HomeViewController.swift in Sources */,
				4293FA3A289BB0ED00A0B770 /* ScoreViewController.swift in Sources */,
				42AC9B56289A4948000F4C39 /* SharpImageView.swift in Sources */,
				4293FA38289B65EE00A0B770 /* QuestionViewController.swift in Sources */,
			);
			runOnlyForDeploymentPostprocessing = 0;
		};
/* End PBXSourcesBuildPhase section */

/* Begin PBXVariantGroup section */
		42AC9B47289A4488000F4C39 /* Main.storyboard */ = {
			isa = PBXVariantGroup;
			children = (
				42AC9B48289A4488000F4C39 /* Base */,
			);
			name = Main.storyboard;
			sourceTree = "<group>";
		};
		42AC9B4C289A448A000F4C39 /* LaunchScreen.storyboard */ = {
			isa = PBXVariantGroup;
			children = (
				42AC9B4D289A448A000F4C39 /* Base */,
			);
			name = LaunchScreen.storyboard;
			sourceTree = "<group>";
		};
/* End PBXVariantGroup section */

/* Begin XCBuildConfiguration section */
		42AC9B50289A448A000F4C39 /* Debug */ = {
			isa = XCBuildConfiguration;
			buildSettings = {
				ALWAYS_SEARCH_USER_PATHS = NO;
				CLANG_ANALYZER_NONNULL = YES;
				CLANG_ANALYZER_NUMBER_OBJECT_CONVERSION = YES_AGGRESSIVE;
				CLANG_CXX_LANGUAGE_STANDARD = "gnu++20";
				CLANG_ENABLE_MODULES = YES;
				CLANG_ENABLE_OBJC_ARC = YES;
				CLANG_ENABLE_OBJC_WEAK = YES;
				CLANG_WARN_BLOCK_CAPTURE_AUTORELEASING = YES;
				CLANG_WARN_BOOL_CONVERSION = YES;
				CLANG_WARN_COMMA = YES;
				CLANG_WARN_CONSTANT_CONVERSION = YES;
				CLANG_WARN_DEPRECATED_OBJC_IMPLEMENTATIONS = YES;
				CLANG_WARN_DIRECT_OBJC_ISA_USAGE = YES_ERROR;
				CLANG_WARN_DOCUMENTATION_COMMENTS = YES;
				CLANG_WARN_EMPTY_BODY = YES;
				CLANG_WARN_ENUM_CONVERSION = YES;
				CLANG_WARN_INFINITE_RECURSION = YES;
				CLANG_WARN_INT_CONVERSION = YES;
				CLANG_WARN_NON_LITERAL_NULL_CONVERSION = YES;
				CLANG_WARN_OBJC_IMPLICIT_RETAIN_SELF = YES;
				CLANG_WARN_OBJC_LITERAL_CONVERSION = YES;
				CLANG_WARN_OBJC_ROOT_CLASS = YES_ERROR;
				CLANG_WARN_QUOTED_INCLUDE_IN_FRAMEWORK_HEADER = YES;
				CLANG_WARN_RANGE_LOOP_ANALYSIS = YES;
				CLANG_WARN_STRICT_PROTOTYPES = YES;
				CLANG_WARN_SUSPICIOUS_MOVE = YES;
				CLANG_WARN_UNGUARDED_AVAILABILITY = YES_AGGRESSIVE;
				CLANG_WARN_UNREACHABLE_CODE = YES;
				CLANG_WARN__DUPLICATE_METHOD_MATCH = YES;
				COPY_PHASE_STRIP = NO;
				DEBUG_INFORMATION_FORMAT = dwarf;
				ENABLE_STRICT_OBJC_MSGSEND = YES;
				ENABLE_TESTABILITY = YES;
				GCC_C_LANGUAGE_STANDARD = gnu11;
				GCC_DYNAMIC_NO_PIC = NO;
				GCC_NO_COMMON_BLOCKS = YES;
				GCC_OPTIMIZATION_LEVEL = 0;
				GCC_PREPROCESSOR_DEFINITIONS = (
					"DEBUG=1",
					"$(inherited)",
				);
				GCC_WARN_64_TO_32_BIT_CONVERSION = YES;
				GCC_WARN_ABOUT_RETURN_TYPE = YES_ERROR;
				GCC_WARN_UNDECLARED_SELECTOR = YES;
				GCC_WARN_UNINITIALIZED_AUTOS = YES_AGGRESSIVE;
				GCC_WARN_UNUSED_FUNCTION = YES;
				GCC_WARN_UNUSED_VARIABLE = YES;
				IPHONEOS_DEPLOYMENT_TARGET = 16.0;
				MTL_ENABLE_DEBUG_INFO = INCLUDE_SOURCE;
				MTL_FAST_MATH = YES;
				ONLY_ACTIVE_ARCH = YES;
				SDKROOT = iphoneos;
				SWIFT_ACTIVE_COMPILATION_CONDITIONS = DEBUG;
				SWIFT_OPTIMIZATION_LEVEL = "-Onone";
			};
			name = Debug;
		};
		42AC9B51289A448A000F4C39 /* Release */ = {
			isa = XCBuildConfiguration;
			buildSettings = {
				ALWAYS_SEARCH_USER_PATHS = NO;
				CLANG_ANALYZER_NONNULL = YES;
				CLANG_ANALYZER_NUMBER_OBJECT_CONVERSION = YES_AGGRESSIVE;
				CLANG_CXX_LANGUAGE_STANDARD = "gnu++20";
				CLANG_ENABLE_MODULES = YES;
				CLANG_ENABLE_OBJC_ARC = YES;
				CLANG_ENABLE_OBJC_WEAK = YES;
				CLANG_WARN_BLOCK_CAPTURE_AUTORELEASING = YES;
				CLANG_WARN_BOOL_CONVERSION = YES;
				CLANG_WARN_COMMA = YES;
				CLANG_WARN_CONSTANT_CONVERSION = YES;
				CLANG_WARN_DEPRECATED_OBJC_IMPLEMENTATIONS = YES;
				CLANG_WARN_DIRECT_OBJC_ISA_USAGE = YES_ERROR;
				CLANG_WARN_DOCUMENTATION_COMMENTS = YES;
				CLANG_WARN_EMPTY_BODY = YES;
				CLANG_WARN_ENUM_CONVERSION = YES;
				CLANG_WARN_INFINITE_RECURSION = YES;
				CLANG_WARN_INT_CONVERSION = YES;
				CLANG_WARN_NON_LITERAL_NULL_CONVERSION = YES;
				CLANG_WARN_OBJC_IMPLICIT_RETAIN_SELF = YES;
				CLANG_WARN_OBJC_LITERAL_CONVERSION = YES;
				CLANG_WARN_OBJC_ROOT_CLASS = YES_ERROR;
				CLANG_WARN_QUOTED_INCLUDE_IN_FRAMEWORK_HEADER = YES;
				CLANG_WARN_RANGE_LOOP_ANALYSIS = YES;
				CLANG_WARN_STRICT_PROTOTYPES = YES;
				CLANG_WARN_SUSPICIOUS_MOVE = YES;
				CLANG_WARN_UNGUARDED_AVAILABILITY = YES_AGGRESSIVE;
				CLANG_WARN_UNREACHABLE_CODE = YES;
				CLANG_WARN__DUPLICATE_METHOD_MATCH = YES;
				COPY_PHASE_STRIP = NO;
				DEBUG_INFORMATION_FORMAT = "dwarf-with-dsym";
				ENABLE_NS_ASSERTIONS = NO;
				ENABLE_STRICT_OBJC_MSGSEND = YES;
				GCC_C_LANGUAGE_STANDARD = gnu11;
				GCC_NO_COMMON_BLOCKS = YES;
				GCC_WARN_64_TO_32_BIT_CONVERSION = YES;
				GCC_WARN_ABOUT_RETURN_TYPE = YES_ERROR;
				GCC_WARN_UNDECLARED_SELECTOR = YES;
				GCC_WARN_UNINITIALIZED_AUTOS = YES_AGGRESSIVE;
				GCC_WARN_UNUSED_FUNCTION = YES;
				GCC_WARN_UNUSED_VARIABLE = YES;
				IPHONEOS_DEPLOYMENT_TARGET = 16.0;
				MTL_ENABLE_DEBUG_INFO = NO;
				MTL_FAST_MATH = YES;
				SDKROOT = iphoneos;
				SWIFT_COMPILATION_MODE = wholemodule;
				SWIFT_OPTIMIZATION_LEVEL = "-O";
				VALIDATE_PRODUCT = YES;
			};
			name = Release;
		};
		42AC9B53289A448A000F4C39 /* Debug */ = {
			isa = XCBuildConfiguration;
			buildSettings = {
				ASSETCATALOG_COMPILER_APPICON_NAME = AppIcon;
				ASSETCATALOG_COMPILER_GLOBAL_ACCENT_COLOR_NAME = AccentColor;
				CODE_SIGN_STYLE = Automatic;
				CURRENT_PROJECT_VERSION = 1;
				GENERATE_INFOPLIST_FILE = YES;
				INFOPLIST_FILE = "Q&AApp/Info.plist";
				INFOPLIST_KEY_UIApplicationSupportsIndirectInputEvents = YES;
				INFOPLIST_KEY_UILaunchStoryboardName = LaunchScreen;
				INFOPLIST_KEY_UIMainStoryboardFile = Main;
				INFOPLIST_KEY_UISupportedInterfaceOrientations_iPad = "UIInterfaceOrientationPortrait UIInterfaceOrientationPortraitUpsideDown UIInterfaceOrientationLandscapeLeft UIInterfaceOrientationLandscapeRight";
				INFOPLIST_KEY_UISupportedInterfaceOrientations_iPhone = "UIInterfaceOrientationPortrait UIInterfaceOrientationLandscapeLeft UIInterfaceOrientationLandscapeRight";
				LD_RUNPATH_SEARCH_PATHS = (
					"$(inherited)",
					"@executable_path/Frameworks",
				);
				MARKETING_VERSION = 1.0;
				PRODUCT_BUNDLE_IDENTIFIER = "croc0909-gmail.com.Q-AApp";
				PRODUCT_NAME = "$(TARGET_NAME)";
				SWIFT_EMIT_LOC_STRINGS = YES;
				SWIFT_VERSION = 5.0;
				TARGETED_DEVICE_FAMILY = "1,2";
			};
			name = Debug;
		};
		42AC9B54289A448A000F4C39 /* Release */ = {
			isa = XCBuildConfiguration;
			buildSettings = {
				ASSETCATALOG_COMPILER_APPICON_NAME = AppIcon;
				ASSETCATALOG_COMPILER_GLOBAL_ACCENT_COLOR_NAME = AccentColor;
				CODE_SIGN_STYLE = Automatic;
				CURRENT_PROJECT_VERSION = 1;
				GENERATE_INFOPLIST_FILE = YES;
				INFOPLIST_FILE = "Q&AApp/Info.plist";
				INFOPLIST_KEY_UIApplicationSupportsIndirectInputEvents = YES;
				INFOPLIST_KEY_UILaunchStoryboardName = LaunchScreen;
				INFOPLIST_KEY_UIMainStoryboardFile = Main;
				INFOPLIST_KEY_UISupportedInterfaceOrientations_iPad = "UIInterfaceOrientationPortrait UIInterfaceOrientationPortraitUpsideDown UIInterfaceOrientationLandscapeLeft UIInterfaceOrientationLandscapeRight";
				INFOPLIST_KEY_UISupportedInterfaceOrientations_iPhone = "UIInterfaceOrientationPortrait UIInterfaceOrientationLandscapeLeft UIInterfaceOrientationLandscapeRight";
				LD_RUNPATH_SEARCH_PATHS = (
					"$(inherited)",
					"@executable_path/Frameworks",
				);
				MARKETING_VERSION = 1.0;
				PRODUCT_BUNDLE_IDENTIFIER = "croc0909-gmail.com.Q-AApp";
				PRODUCT_NAME = "$(TARGET_NAME)";
				SWIFT_EMIT_LOC_STRINGS = YES;
				SWIFT_VERSION = 5.0;
				TARGETED_DEVICE_FAMILY = "1,2";
			};
			name = Release;
		};
/* End XCBuildConfiguration section */

/* Begin XCConfigurationList section */
		42AC9B39289A4488000F4C39 /* Build configuration list for PBXProject "Q&AApp" */ = {
			isa = XCConfigurationList;
			buildConfigurations = (
				42AC9B50289A448A000F4C39 /* Debug */,
				42AC9B51289A448A000F4C39 /* Release */,
			);
			defaultConfigurationIsVisible = 0;
			defaultConfigurationName = Release;
		};
		42AC9B52289A448A000F4C39 /* Build configuration list for PBXNativeTarget "Q&AApp" */ = {
			isa = XCConfigurationList;
			buildConfigurations = (
				42AC9B53289A448A000F4C39 /* Debug */,
				42AC9B54289A448A000F4C39 /* Release */,
			);
			defaultConfigurationIsVisible = 0;
			defaultConfigurationName = Release;
		};
/* End XCConfigurationList section */
	};
	rootObject = 42AC9B36289A4488000F4C39 /* Project object */;
}
